
Microsoft Visual Studio Solution File, Format Version 12.00
# Visual Studio Version 16
VisualStudioVersion = 16.0.29519.181
MinimumVisualStudioVersion = 10.0.40219.1
Project("{FAE04EC0-301F-11D3-BF4B-00C04F79EFBC}") = "ChessGame.WebApi", "ChessGame.WebApi\ChessGame.WebApi.csproj", "{018990E1-6584-454D-B4FE-7CFD913FCA53}"
EndProject
Project("{FAE04EC0-301F-11D3-BF4B-00C04F79EFBC}") = "ChessGame.Setup", "ChessGame.Setup\ChessGame.Setup.csproj", "{B50B165B-03F4-4AEB-A9E1-EB0F6E892635}"
EndProject
Project("{FAE04EC0-301F-11D3-BF4B-00C04F79EFBC}") = "ChessGame.GamePlay", "ChessGame.GamePlay\ChessGame.GamePlay.csproj", "{14A15D77-3BA3-48A5-ADD7-3B4053EEA87B}"
EndProject
Project("{FAE04EC0-301F-11D3-BF4B-00C04F79EFBC}") = "ChessGame.Models", "ChessGame.Models\ChessGame.Models.csproj", "{D2914635-DA8F-48D8-BE41-8EFE277A4AA3}"
EndProject
Global
	GlobalSection(SolutionConfigurationPlatforms) = preSolution
		Debug|Any CPU = Debug|Any CPU
		Release|Any CPU = Release|Any CPU
	EndGlobalSection
	GlobalSection(ProjectConfigurationPlatforms) = postSolution
		{018990E1-6584-454D-B4FE-7CFD913FCA53}.Debug|Any CPU.ActiveCfg = Debug|Any CPU
		{018990E1-6584-454D-B4FE-7CFD913FCA53}.Debug|Any CPU.Build.0 = Debug|Any CPU
		{018990E1-6584-454D-B4FE-7CFD913FCA53}.Release|Any CPU.ActiveCfg = Release|Any CPU
		{018990E1-6584-454D-B4FE-7CFD913FCA53}.Release|Any CPU.Build.0 = Release|Any CPU
		{B50B165B-03F4-4AEB-A9E1-EB0F6E892635}.Debug|Any CPU.ActiveCfg = Debug|Any CPU
		{B50B165B-03F4-4AEB-A9E1-EB0F6E892635}.Debug|Any CPU.Build.0 = Debug|Any CPU
		{B50B165B-03F4-4AEB-A9E1-EB0F6E892635}.Release|Any CPU.ActiveCfg = Release|Any CPU
		{B50B165B-03F4-4AEB-A9E1-EB0F6E892635}.Release|Any CPU.Build.0 = Release|Any CPU
		{14A15D77-3BA3-48A5-ADD7-3B4053EEA87B}.Debug|Any CPU.ActiveCfg = Debug|Any CPU
		{14A15D77-3BA3-48A5-ADD7-3B4053EEA87B}.Debug|Any CPU.Build.0 = Debug|Any CPU
		{14A15D77-3BA3-48A5-ADD7-3B4053EEA87B}.Release|Any CPU.ActiveCfg = Release|Any CPU
		{14A15D77-3BA3-48A5-ADD7-3B4053EEA87B}.Release|Any CPU.Build.0 = Release|Any CPU
		{D2914635-DA8F-48D8-BE41-8EFE277A4AA3}.Debug|Any CPU.ActiveCfg = Debug|Any CPU
		{D2914635-DA8F-48D8-BE41-8EFE277A4AA3}.Debug|Any CPU.Build.0 = Debug|Any CPU
		{D2914635-DA8F-48D8-BE41-8EFE277A4AA3}.Release|Any CPU.ActiveCfg = Release|Any CPU
		{D2914635-DA8F-48D8-BE41-8EFE277A4AA3}.Release|Any CPU.Build.0 = Release|Any CPU
	EndGlobalSection
	GlobalSection(SolutionProperties) = preSolution
		HideSolutionNode = FALSE
	EndGlobalSection
	GlobalSection(ExtensibilityGlobals) = postSolution
		SolutionGuid = {B1423F48-211D-40A2-8DF0-BEF91CEB5B88}
	EndGlobalSection
EndGlobal
